
Microsoft Visual Studio Solution File, Format Version 12.00
# Visual Studio Version 16
VisualStudioVersion = 25.0.1703.3
MinimumVisualStudioVersion = 10.0.40219.1
Project("{FAE04EC0-301F-11D3-BF4B-00C04F79EFBC}") = "Grupparbete", "Grupparbete\Grupparbete.csproj", "{9922F56F-993C-45A3-86E6-B64725FD87F5}"
EndProject
Global
	GlobalSection(SolutionConfigurationPlatforms) = preSolution
		Debug|Any CPU = Debug|Any CPU
		Release|Any CPU = Release|Any CPU
	EndGlobalSection
	GlobalSection(ProjectConfigurationPlatforms) = postSolution
		{9922F56F-993C-45A3-86E6-B64725FD87F5}.Debug|Any CPU.ActiveCfg = Debug|Any CPU
		{9922F56F-993C-45A3-86E6-B64725FD87F5}.Debug|Any CPU.Build.0 = Debug|Any CPU
		{9922F56F-993C-45A3-86E6-B64725FD87F5}.Release|Any CPU.ActiveCfg = Release|Any CPU
		{9922F56F-993C-45A3-86E6-B64725FD87F5}.Release|Any CPU.Build.0 = Release|Any CPU
	EndGlobalSection
	GlobalSection(SolutionProperties) = preSolution
		HideSolutionNode = FALSE
	EndGlobalSection
	GlobalSection(ExtensibilityGlobals) = postSolution
		SolutionGuid = {1EE5595A-DC7D-4940-9C6E-31158EEDB55B}
	EndGlobalSection
EndGlobal
